
Microsoft Visual Studio Solution File, Format Version 12.00
# Visual Studio Version 16
VisualStudioVersion = 16.0.30011.22
MinimumVisualStudioVersion = 10.0.40219.1
Project("{FAE04EC0-301F-11D3-BF4B-00C04F79EFBC}") = "testBlock", "testBlock\testBlock.csproj", "{3BC46D44-CA95-4220-87FC-862A296EC318}"
EndProject
Global
	GlobalSection(SolutionConfigurationPlatforms) = preSolution
		Debug|Any CPU = Debug|Any CPU
		Release|Any CPU = Release|Any CPU
	EndGlobalSection
	GlobalSection(ProjectConfigurationPlatforms) = postSolution
		{3BC46D44-CA95-4220-87FC-862A296EC318}.Debug|Any CPU.ActiveCfg = Debug|Any CPU
		{3BC46D44-CA95-4220-87FC-862A296EC318}.Debug|Any CPU.Build.0 = Debug|Any CPU
		{3BC46D44-CA95-4220-87FC-862A296EC318}.Release|Any CPU.ActiveCfg = Release|Any CPU
		{3BC46D44-CA95-4220-87FC-862A296EC318}.Release|Any CPU.Build.0 = Release|Any CPU
	EndGlobalSection
	GlobalSection(SolutionProperties) = preSolution
		HideSolutionNode = FALSE
	EndGlobalSection
	GlobalSection(ExtensibilityGlobals) = postSolution
		SolutionGuid = {B21C4E82-F136-4229-806B-24937D466645}
	EndGlobalSection
EndGlobal
